
Microsoft Visual Studio Solution File, Format Version 12.00
# Visual Studio Version 17
VisualStudioVersion = 17.0.31611.283
MinimumVisualStudioVersion = 10.0.40219.1
Project("{9A19103F-16F7-4668-BE54-9A1E7A4F7556}") = "CarListApp.Maui", "CarListApp.Maui\CarListApp.Maui.csproj", "{1569E79B-AD02-4743-BD86-66BA57DF8C78}"
EndProject
Project("{9A19103F-16F7-4668-BE54-9A1E7A4F7556}") = "CarListApp.Api", "CarListApp.Api\CarListApp.Api.csproj", "{80B5BF67-40C9-4A67-9806-989A66F996D9}"
EndProject
Project("{9A19103F-16F7-4668-BE54-9A1E7A4F7556}") = "CarListApp.Api.Core", "CarListApp.Api.Core\CarListApp.Api.Core.csproj", "{BEC2BC82-2289-41C0-B17D-083432558F32}"
EndProject
Project("{FAE04EC0-301F-11D3-BF4B-00C04F79EFBC}") = "CarListApp.Api.Infrastructure", "CarListApp.Api.Infrastructure\CarListApp.Api.Infrastructure.csproj", "{BF5D3A01-7D2A-46CA-BB6A-DFDC1D237A1F}"
EndProject
Global
	GlobalSection(SolutionConfigurationPlatforms) = preSolution
		Debug|Any CPU = Debug|Any CPU
		Release|Any CPU = Release|Any CPU
	EndGlobalSection
	GlobalSection(ProjectConfigurationPlatforms) = postSolution
		{1569E79B-AD02-4743-BD86-66BA57DF8C78}.Debug|Any CPU.ActiveCfg = Debug|Any CPU
		{1569E79B-AD02-4743-BD86-66BA57DF8C78}.Debug|Any CPU.Build.0 = Debug|Any CPU
		{1569E79B-AD02-4743-BD86-66BA57DF8C78}.Debug|Any CPU.Deploy.0 = Debug|Any CPU
		{1569E79B-AD02-4743-BD86-66BA57DF8C78}.Release|Any CPU.ActiveCfg = Release|Any CPU
		{1569E79B-AD02-4743-BD86-66BA57DF8C78}.Release|Any CPU.Build.0 = Release|Any CPU
		{1569E79B-AD02-4743-BD86-66BA57DF8C78}.Release|Any CPU.Deploy.0 = Release|Any CPU
		{80B5BF67-40C9-4A67-9806-989A66F996D9}.Debug|Any CPU.ActiveCfg = Debug|Any CPU
		{80B5BF67-40C9-4A67-9806-989A66F996D9}.Debug|Any CPU.Build.0 = Debug|Any CPU
		{80B5BF67-40C9-4A67-9806-989A66F996D9}.Release|Any CPU.ActiveCfg = Release|Any CPU
		{80B5BF67-40C9-4A67-9806-989A66F996D9}.Release|Any CPU.Build.0 = Release|Any CPU
		{BEC2BC82-2289-41C0-B17D-083432558F32}.Debug|Any CPU.ActiveCfg = Debug|Any CPU
		{BEC2BC82-2289-41C0-B17D-083432558F32}.Debug|Any CPU.Build.0 = Debug|Any CPU
		{BEC2BC82-2289-41C0-B17D-083432558F32}.Release|Any CPU.ActiveCfg = Release|Any CPU
		{BEC2BC82-2289-41C0-B17D-083432558F32}.Release|Any CPU.Build.0 = Release|Any CPU
		{BF5D3A01-7D2A-46CA-BB6A-DFDC1D237A1F}.Debug|Any CPU.ActiveCfg = Debug|Any CPU
		{BF5D3A01-7D2A-46CA-BB6A-DFDC1D237A1F}.Debug|Any CPU.Build.0 = Debug|Any CPU
		{BF5D3A01-7D2A-46CA-BB6A-DFDC1D237A1F}.Release|Any CPU.ActiveCfg = Release|Any CPU
		{BF5D3A01-7D2A-46CA-BB6A-DFDC1D237A1F}.Release|Any CPU.Build.0 = Release|Any CPU
	EndGlobalSection
	GlobalSection(SolutionProperties) = preSolution
		HideSolutionNode = FALSE
	EndGlobalSection
	GlobalSection(ExtensibilityGlobals) = postSolution
		SolutionGuid = {61F7FB11-1E47-470C-91E2-47F8143E1572}
	EndGlobalSection
EndGlobal
